
Microsoft Visual Studio Solution File, Format Version 12.00
# Visual Studio Version 17
VisualStudioVersion = 17.7.34202.233
MinimumVisualStudioVersion = 10.0.40219.1
Project("{FAE04EC0-301F-11D3-BF4B-00C04F79EFBC}") = "Webaap", "Webaap\Webaap.csproj", "{5A80D242-A993-47C9-8808-BA812A6A2499}"
EndProject
Global
	GlobalSection(SolutionConfigurationPlatforms) = preSolution
		Debug|Any CPU = Debug|Any CPU
		Release|Any CPU = Release|Any CPU
	EndGlobalSection
	GlobalSection(ProjectConfigurationPlatforms) = postSolution
		{5A80D242-A993-47C9-8808-BA812A6A2499}.Debug|Any CPU.ActiveCfg = Debug|Any CPU
		{5A80D242-A993-47C9-8808-BA812A6A2499}.Debug|Any CPU.Build.0 = Debug|Any CPU
		{5A80D242-A993-47C9-8808-BA812A6A2499}.Release|Any CPU.ActiveCfg = Release|Any CPU
		{5A80D242-A993-47C9-8808-BA812A6A2499}.Release|Any CPU.Build.0 = Release|Any CPU
	EndGlobalSection
	GlobalSection(SolutionProperties) = preSolution
		HideSolutionNode = FALSE
	EndGlobalSection
	GlobalSection(ExtensibilityGlobals) = postSolution
		SolutionGuid = {95CA294F-65A3-434E-A454-03C65BCB0E08}
	EndGlobalSection
EndGlobal
